
Microsoft Visual Studio Solution File, Format Version 12.00
# Visual Studio Version 16
VisualStudioVersion = 16.0.30907.101
MinimumVisualStudioVersion = 10.0.40219.1
Project("{FAE04EC0-301F-11D3-BF4B-00C04F79EFBC}") = "AppSewing", "AppSewing\AppSewing.csproj", "{A0178AB3-89AA-40C9-9416-3D8E3BE7D3AF}"
EndProject
Global
	GlobalSection(SolutionConfigurationPlatforms) = preSolution
		Debug|Any CPU = Debug|Any CPU
		Release|Any CPU = Release|Any CPU
	EndGlobalSection
	GlobalSection(ProjectConfigurationPlatforms) = postSolution
		{A0178AB3-89AA-40C9-9416-3D8E3BE7D3AF}.Debug|Any CPU.ActiveCfg = Debug|Any CPU
		{A0178AB3-89AA-40C9-9416-3D8E3BE7D3AF}.Debug|Any CPU.Build.0 = Debug|Any CPU
		{A0178AB3-89AA-40C9-9416-3D8E3BE7D3AF}.Release|Any CPU.ActiveCfg = Release|Any CPU
		{A0178AB3-89AA-40C9-9416-3D8E3BE7D3AF}.Release|Any CPU.Build.0 = Release|Any CPU
	EndGlobalSection
	GlobalSection(SolutionProperties) = preSolution
		HideSolutionNode = FALSE
	EndGlobalSection
	GlobalSection(ExtensibilityGlobals) = postSolution
		SolutionGuid = {FB31AE0A-6D66-4A02-B930-773581F4956F}
	EndGlobalSection
EndGlobal
